
Microsoft Visual Studio Solution File, Format Version 12.00
# Visual Studio Version 17
VisualStudioVersion = 17.13.35931.197
MinimumVisualStudioVersion = 10.0.40219.1
Project("{FAE04EC0-301F-11D3-BF4B-00C04F79EFBC}") = "DomainModel", "DomainModel\DomainModel.csproj", "{3CB34C66-1F44-4974-B8D3-00EBE342B9D4}"
EndProject
Project("{FAE04EC0-301F-11D3-BF4B-00C04F79EFBC}") = "DataAccessLayer", "DataAccessLayer\DataAccessLayer.csproj", "{0796C6C9-629B-4A89-8BE6-C7606F947C02}"
EndProject
Project("{2150E333-8FDC-42A3-9474-1A3956D46DE8}") = "Solution Items", "Solution Items", "{8EC462FD-D22E-90A8-E5CE-7E832BA40C5D}"
	ProjectSection(SolutionItems) = preProject
		.gitignore = .gitignore
	EndProjectSection
EndProject
Project("{FAE04EC0-301F-11D3-BF4B-00C04F79EFBC}") = "Nutrition-FitnessApp", "Nutrition-FitnessApp\Nutrition-FitnessApp.csproj", "{F2C0D634-CC56-D022-C485-1DC780303722}"
EndProject
Global
	GlobalSection(SolutionConfigurationPlatforms) = preSolution
		Debug|Any CPU = Debug|Any CPU
		Release|Any CPU = Release|Any CPU
	EndGlobalSection
	GlobalSection(ProjectConfigurationPlatforms) = postSolution
		{3CB34C66-1F44-4974-B8D3-00EBE342B9D4}.Debug|Any CPU.ActiveCfg = Debug|Any CPU
		{3CB34C66-1F44-4974-B8D3-00EBE342B9D4}.Debug|Any CPU.Build.0 = Debug|Any CPU
		{3CB34C66-1F44-4974-B8D3-00EBE342B9D4}.Release|Any CPU.ActiveCfg = Release|Any CPU
		{3CB34C66-1F44-4974-B8D3-00EBE342B9D4}.Release|Any CPU.Build.0 = Release|Any CPU
		{0796C6C9-629B-4A89-8BE6-C7606F947C02}.Debug|Any CPU.ActiveCfg = Debug|Any CPU
		{0796C6C9-629B-4A89-8BE6-C7606F947C02}.Debug|Any CPU.Build.0 = Debug|Any CPU
		{0796C6C9-629B-4A89-8BE6-C7606F947C02}.Release|Any CPU.ActiveCfg = Release|Any CPU
		{0796C6C9-629B-4A89-8BE6-C7606F947C02}.Release|Any CPU.Build.0 = Release|Any CPU
		{F2C0D634-CC56-D022-C485-1DC780303722}.Debug|Any CPU.ActiveCfg = Debug|Any CPU
		{F2C0D634-CC56-D022-C485-1DC780303722}.Debug|Any CPU.Build.0 = Debug|Any CPU
		{F2C0D634-CC56-D022-C485-1DC780303722}.Release|Any CPU.ActiveCfg = Release|Any CPU
		{F2C0D634-CC56-D022-C485-1DC780303722}.Release|Any CPU.Build.0 = Release|Any CPU
	EndGlobalSection
	GlobalSection(SolutionProperties) = preSolution
		HideSolutionNode = FALSE
	EndGlobalSection
	GlobalSection(ExtensibilityGlobals) = postSolution
		SolutionGuid = {BF61E83E-E9EC-40E7-91B8-6C0BF1E3C0EC}
	EndGlobalSection
EndGlobal
